<?xml version="1.0" encoding="utf-8"?>
<Project ToolsVersion="4.0" xmlns="http://schemas.microsoft.com/developer/msbuild/2003">
  <ItemGroup>
    <Filter Include="Levels">
      <UniqueIdentifier>{d554d10a-497e-401b-a0f0-7bdaf61db99e}</UniqueIdentifier>
    </Filter>
    <Filter Include="ContentsCore">
      <UniqueIdentifier>{cc419df3-0d29-4704-8a6e-f5149bbc8fa9}</UniqueIdentifier>
    </Filter>
    <Filter Include="Levels\1. Opening">
      <UniqueIdentifier>{4b2fb859-1d6a-4ae6-a8f4-e5d1997ef5ed}</UniqueIdentifier>
    </Filter>
    <Filter Include="Levels\2. WaitingRoom">
      <UniqueIdentifier>{b5ee03b0-2604-4641-aea5-af2bcfa036a0}</UniqueIdentifier>
    </Filter>
    <Filter Include="Levels\3. Tutorial">
      <UniqueIdentifier>{cd3dc88a-9d0d-494d-ab35-d68fc535e0a0}</UniqueIdentifier>
    </Filter>
    <Filter Include="Levels\4. Overworld">
      <UniqueIdentifier>{67c6bc3f-0136-4032-97e9-05eb939e7a7a}</UniqueIdentifier>
    </Filter>
    <Filter Include="Levels\5. Bosses">
      <UniqueIdentifier>{92385931-12a7-4507-8a38-d6657c7745b1}</UniqueIdentifier>
    </Filter>
    <Filter Include="Levels\6. Ending">
      <UniqueIdentifier>{ba783da9-e9fa-48b3-bb30-dde71ed33a5f}</UniqueIdentifier>
    </Filter>
    <Filter Include="Levels\5. Bosses\1. Frog">
      <UniqueIdentifier>{9989d97e-bf18-4904-bc56-004a0d0a4f15}</UniqueIdentifier>
    </Filter>
    <Filter Include="Levels\5. Bosses\2. Dragon">
      <UniqueIdentifier>{0d1555ee-358d-4911-8dd3-0bae1ca73334}</UniqueIdentifier>
    </Filter>
    <Filter Include="Levels\5. Bosses\3. Mouse">
      <UniqueIdentifier>{0f786398-dfd7-44ac-b3da-3b90fa51c7a1}</UniqueIdentifier>
    </Filter>
    <Filter Include="Levels\1. Opening\First">
      <UniqueIdentifier>{a876f79d-1a20-4548-8b5c-bf5b58dbdaa8}</UniqueIdentifier>
    </Filter>
    <Filter Include="Levels\1. Opening\Second">
      <UniqueIdentifier>{48d23fcc-8947-40e9-a7ab-81f6204d8081}</UniqueIdentifier>
    </Filter>
    <Filter Include="Levels\1. Opening\Second\Object">
      <UniqueIdentifier>{f54db745-e43a-4d95-95d2-f7114a73b39d}</UniqueIdentifier>
    </Filter>
    <Filter Include="Levels\1. Opening\First\Object">
      <UniqueIdentifier>{b7a0fb1c-62d1-4e3c-aca5-56148a9fe484}</UniqueIdentifier>
    </Filter>
    <Filter Include="Levels\2. WaitingRoom\Object">
      <UniqueIdentifier>{4b4e5e8e-fd08-49f2-a608-d8dd07b93640}</UniqueIdentifier>
    </Filter>
    <Filter Include="Levels\3. Tutorial\Object">
      <UniqueIdentifier>{04bc1d61-db7a-49ec-9992-3bf52634aa0e}</UniqueIdentifier>
    </Filter>
    <Filter Include="Levels\4. Overworld\Object">
      <UniqueIdentifier>{85efa3d7-738b-4f7b-a67b-b424a1982442}</UniqueIdentifier>
    </Filter>
    <Filter Include="Levels\6. Ending\Object">
      <UniqueIdentifier>{73663cf1-6b07-4b8e-932e-7197ba5ed23f}</UniqueIdentifier>
    </Filter>
    <Filter Include="Levels\5. Bosses\1. Frog\Object">
      <UniqueIdentifier>{b75af7ea-2efd-41b6-802a-c70ce2eb5d81}</UniqueIdentifier>
    </Filter>
    <Filter Include="Levels\5. Bosses\2. Dragon\Object">
      <UniqueIdentifier>{a4a89eed-3770-4400-8eb9-412efe2149f1}</UniqueIdentifier>
    </Filter>
    <Filter Include="Levels\5. Bosses\3. Mouse\Object">
      <UniqueIdentifier>{25c4d219-d532-4b46-9017-4eed3b75779f}</UniqueIdentifier>
    </Filter>
    <Filter Include="IMGUI">
      <UniqueIdentifier>{f0f1587d-3a5e-4df7-9146-37af5c974623}</UniqueIdentifier>
    </Filter>
    <Filter Include="Levels\7. Player">
      <UniqueIdentifier>{f18f04fb-7a34-4832-9735-9cc620fc0e42}</UniqueIdentifier>
    </Filter>
    <Filter Include="Levels\7. Player\PlayerEffect">
      <UniqueIdentifier>{2ff768d8-bc8a-4703-b77d-b8de2c7179ab}</UniqueIdentifier>
    </Filter>
    <Filter Include="Levels\7. Player\PlayerEffect\Attack">
      <UniqueIdentifier>{19bd4cc4-b5b8-4ccd-a6ac-36a5a06b0bb5}</UniqueIdentifier>
    </Filter>
    <Filter Include="Levels\7. Player\PlayerEffect\SFX">
      <UniqueIdentifier>{6a16e610-ac08-4126-a4c3-bee679670fca}</UniqueIdentifier>
    </Filter>
    <Filter Include="Levels\4. Overworld\Object\NPC">
      <UniqueIdentifier>{dc096554-2001-4dd3-957c-eec4fe5d2a5e}</UniqueIdentifier>
    </Filter>
    <Filter Include="Levels\4. Overworld\Object\Building">
      <UniqueIdentifier>{43f1b0fb-3806-4ebb-a788-1d18635d7e26}</UniqueIdentifier>
    </Filter>
    <Filter Include="PostEffect">
      <UniqueIdentifier>{9d19c7c5-22bb-4006-8aa3-ab1580db093b}</UniqueIdentifier>
    </Filter>
    <Filter Include="Levels\2. WaitingRoom\Object\NPC">
      <UniqueIdentifier>{a6b1ed44-ba53-4ea2-b29f-037a4ca0b410}</UniqueIdentifier>
    </Filter>
    <Filter Include="Levels\5. Bosses\1. Frog\Object\Boss">
      <UniqueIdentifier>{c203f704-736e-423b-a236-c67d14645892}</UniqueIdentifier>
    </Filter>
    <Filter Include="Levels\5. Bosses\1. Frog\Object\NPC">
      <UniqueIdentifier>{88366f87-4e3b-4514-8b00-be20467619bc}</UniqueIdentifier>
    </Filter>
    <Filter Include="Levels\7. Player\UI">
      <UniqueIdentifier>{d1630414-f013-4375-ae95-2be2292f0692}</UniqueIdentifier>
    </Filter>
    <Filter Include="Levels\Message">
      <UniqueIdentifier>{4767de92-3b96-4a95-97c8-7bb905896ece}</UniqueIdentifier>
    </Filter>
    <Filter Include="Levels\5. Bosses\1. Frog\Object\Boss\Effect">
      <UniqueIdentifier>{b3a11292-c48f-4f52-9070-bf2e1f261dc9}</UniqueIdentifier>
    </Filter>
    <Filter Include="Levels\5. Bosses\3. Mouse\Object\Boss">
      <UniqueIdentifier>{5817a553-0bcc-4ac9-8c66-81e44b68dfb0}</UniqueIdentifier>
    </Filter>
    <Filter Include="Levels\5. Bosses\3. Mouse\Object\Boss\Effect">
      <UniqueIdentifier>{2da5c548-cebe-4956-956c-62d31c671fa1}</UniqueIdentifier>
    </Filter>
    <Filter Include="Levels\0. Loading">
      <UniqueIdentifier>{b4263228-237e-4a2f-afe5-bffbfbceaabd}</UniqueIdentifier>
    </Filter>
    <Filter Include="Levels\0. Loading\Object">
      <UniqueIdentifier>{4171f4e6-f266-42e6-9dc4-ea061d068024}</UniqueIdentifier>
    </Filter>
  </ItemGroup>
  <ItemGroup>
    <ClInclude Include="CupheadCore.h">
      <Filter>ContentsCore</Filter>
    </ClInclude>
    <ClInclude Include="PrecompileHeader.h">
      <Filter>ContentsCore</Filter>
    </ClInclude>
    <ClInclude Include="Second_OpeningLevel.h">
      <Filter>Levels\1. Opening\Second</Filter>
    </ClInclude>
    <ClInclude Include="WaitingRoomLevel.h">
      <Filter>Levels\2. WaitingRoom</Filter>
    </ClInclude>
    <ClInclude Include="TutorialLevel.h">
      <Filter>Levels\3. Tutorial</Filter>
    </ClInclude>
    <ClInclude Include="OverworldLevel.h">
      <Filter>Levels\4. Overworld</Filter>
    </ClInclude>
    <ClInclude Include="EndingLevel.h">
      <Filter>Levels\6. Ending</Filter>
    </ClInclude>
    <ClInclude Include="FrogLevel.h">
      <Filter>Levels\5. Bosses\1. Frog</Filter>
    </ClInclude>
    <ClInclude Include="DragonLevel.h">
      <Filter>Levels\5. Bosses\2. Dragon</Filter>
    </ClInclude>
    <ClInclude Include="MouseLevel.h">
      <Filter>Levels\5. Bosses\3. Mouse</Filter>
    </ClInclude>
    <ClInclude Include="MDHR_Logo.h">
      <Filter>Levels\1. Opening\First\Object</Filter>
    </ClInclude>
    <ClInclude Include="Title_Background.h">
      <Filter>Levels\1. Opening\First\Object</Filter>
    </ClInclude>
    <ClInclude Include="First_OpeningLevel.h">
      <Filter>Levels\1. Opening\First</Filter>
    </ClInclude>
    <ClInclude Include="Screen_FX.h">
      <Filter>Levels\1. Opening\First\Object</Filter>
    </ClInclude>
    <ClInclude Include="BookRender.h">
      <Filter>Levels\1. Opening\Second\Object</Filter>
    </ClInclude>
    <ClInclude Include="Tutorial_BackLayer.h">
      <Filter>Levels\3. Tutorial\Object</Filter>
    </ClInclude>
    <ClInclude Include="Tutorial_Map.h">
      <Filter>Levels\3. Tutorial\Object</Filter>
    </ClInclude>
    <ClInclude Include="Tutorial_BackGround.h">
      <Filter>Levels\3. Tutorial\Object</Filter>
    </ClInclude>
    <ClInclude Include="Overworld_Map.h">
      <Filter>Levels\4. Overworld\Object</Filter>
    </ClInclude>
    <ClInclude Include="TransformGUI.h">
      <Filter>IMGUI</Filter>
    </ClInclude>
    <ClInclude Include="PixelCollision.h" />
    <ClInclude Include="Tutorial_ColMap.h">
      <Filter>Levels\3. Tutorial\Object</Filter>
    </ClInclude>
    <ClInclude Include="Player.h">
      <Filter>Levels\7. Player</Filter>
    </ClInclude>
    <ClInclude Include="PlayerDataBase.h">
      <Filter>Levels\7. Player</Filter>
    </ClInclude>
    <ClInclude Include="Peashooter.h">
      <Filter>Levels\7. Player\PlayerEffect\Attack</Filter>
    </ClInclude>
    <ClInclude Include="Spread.h">
      <Filter>Levels\7. Player\PlayerEffect\Attack</Filter>
    </ClInclude>
    <ClInclude Include="Spread_EX.h">
      <Filter>Levels\7. Player\PlayerEffect\Attack</Filter>
    </ClInclude>
    <ClInclude Include="Peashooter_EX.h">
      <Filter>Levels\7. Player\PlayerEffect\Attack</Filter>
    </ClInclude>
    <ClInclude Include="MoveDust.h">
      <Filter>Levels\7. Player\PlayerEffect\SFX</Filter>
    </ClInclude>
    <ClInclude Include="LandDust.h">
      <Filter>Levels\7. Player\PlayerEffect\SFX</Filter>
    </ClInclude>
    <ClInclude Include="EXDust.h">
      <Filter>Levels\7. Player\PlayerEffect\SFX</Filter>
    </ClInclude>
    <ClInclude Include="ParryEffect.h">
      <Filter>Levels\7. Player\PlayerEffect\SFX</Filter>
    </ClInclude>
    <ClInclude Include="Player_Overworld.h">
      <Filter>Levels\7. Player</Filter>
    </ClInclude>
    <ClInclude Include="ContentsEnum.h" />
    <ClInclude Include="TestPlatform.h" />
    <ClInclude Include="DashDust.h">
      <Filter>Levels\7. Player\PlayerEffect\SFX</Filter>
    </ClInclude>
    <ClInclude Include="HitSFX.h">
      <Filter>Levels\7. Player\PlayerEffect\SFX</Filter>
    </ClInclude>
    <ClInclude Include="Tutorial_Target.h">
      <Filter>Levels\3. Tutorial\Object</Filter>
    </ClInclude>
    <ClInclude Include="Overworld_ColMap.h">
      <Filter>Levels\4. Overworld\Object</Filter>
    </ClInclude>
    <ClInclude Include="NPCDataBase.h">
      <Filter>Levels\4. Overworld\Object\NPC</Filter>
    </ClInclude>
    <ClInclude Include="BuildingDataBase.h">
      <Filter>Levels\4. Overworld\Object\Building</Filter>
    </ClInclude>
    <ClInclude Include="AppleTraveller.h">
      <Filter>Levels\4. Overworld\Object\NPC</Filter>
    </ClInclude>
    <ClInclude Include="Axeman.h">
      <Filter>Levels\4. Overworld\Object\NPC</Filter>
    </ClInclude>
    <ClInclude Include="Canteen.h">
      <Filter>Levels\4. Overworld\Object\NPC</Filter>
    </ClInclude>
    <ClInclude Include="Coin.h">
      <Filter>Levels\4. Overworld\Object\NPC</Filter>
    </ClInclude>
    <ClInclude Include="Fishgirl.h">
      <Filter>Levels\4. Overworld\Object\NPC</Filter>
    </ClInclude>
    <ClInclude Include="FadeEffect.h">
      <Filter>PostEffect</Filter>
    </ClInclude>
    <ClInclude Include="PortalDoor.h">
      <Filter>Levels\3. Tutorial\Object</Filter>
    </ClInclude>
    <ClInclude Include="RoundBlackBox.h" />
    <ClInclude Include="TitleMenu.h">
      <Filter>Levels\1. Opening\First\Object</Filter>
    </ClInclude>
    <ClInclude Include="WaitingRoom_Map.h">
      <Filter>Levels\2. WaitingRoom\Object</Filter>
    </ClInclude>
    <ClInclude Include="WaitingRoom_ColMap.h">
      <Filter>Levels\2. WaitingRoom\Object</Filter>
    </ClInclude>
    <ClInclude Include="ElderKettle.h">
      <Filter>Levels\2. WaitingRoom\Object\NPC</Filter>
    </ClInclude>
    <ClInclude Include="Frog_ColMap.h">
      <Filter>Levels\5. Bosses\1. Frog\Object</Filter>
    </ClInclude>
    <ClInclude Include="Frog_Map.h">
      <Filter>Levels\5. Bosses\1. Frog\Object</Filter>
    </ClInclude>
    <ClInclude Include="Ribby.h">
      <Filter>Levels\5. Bosses\1. Frog\Object\Boss</Filter>
    </ClInclude>
    <ClInclude Include="CardUI.h">
      <Filter>Levels\7. Player\UI</Filter>
    </ClInclude>
    <ClInclude Include="HealthUI.h">
      <Filter>Levels\7. Player\UI</Filter>
    </ClInclude>
    <ClInclude Include="GrimMatchstick.h">
      <Filter>Levels\5. Bosses\2. Dragon\Object</Filter>
    </ClInclude>
    <ClInclude Include="Knockout.h">
      <Filter>Levels\Message</Filter>
    </ClInclude>
    <ClInclude Include="Ready_Wallop.h">
      <Filter>Levels\Message</Filter>
    </ClInclude>
    <ClInclude Include="You_Died.h">
      <Filter>Levels\Message</Filter>
    </ClInclude>
    <ClInclude Include="OverworldGUI.h">
      <Filter>IMGUI</Filter>
    </ClInclude>
    <ClInclude Include="PlayerGhost.h">
      <Filter>Levels\7. Player\PlayerEffect\SFX</Filter>
    </ClInclude>
    <ClInclude Include="CardUIRenderer.h">
      <Filter>Levels\7. Player\UI</Filter>
    </ClInclude>
    <ClInclude Include="Frog_FrontObject.h">
      <Filter>Levels\5. Bosses\1. Frog\Object</Filter>
    </ClInclude>
    <ClInclude Include="Dancer.h">
      <Filter>Levels\5. Bosses\1. Frog\Object\NPC</Filter>
    </ClInclude>
    <ClInclude Include="Deliver.h">
      <Filter>Levels\5. Bosses\1. Frog\Object\NPC</Filter>
    </ClInclude>
    <ClInclude Include="Cheerer.h">
      <Filter>Levels\5. Bosses\1. Frog\Object\NPC</Filter>
    </ClInclude>
    <ClInclude Include="Craber.h">
      <Filter>Levels\5. Bosses\1. Frog\Object\NPC</Filter>
    </ClInclude>
    <ClInclude Include="Crowd.h">
      <Filter>Levels\5. Bosses\1. Frog\Object\NPC</Filter>
    </ClInclude>
    <ClInclude Include="Croak.h">
      <Filter>Levels\5. Bosses\1. Frog\Object\Boss</Filter>
    </ClInclude>
    <ClInclude Include="WeaponUI.h">
      <Filter>Levels\7. Player\UI</Filter>
    </ClInclude>
    <ClInclude Include="Stage_Title.h">
      <Filter>Levels\4. Overworld\Object\Building</Filter>
    </ClInclude>
    <ClInclude Include="NPC_TextBox.h">
      <Filter>Levels\4. Overworld\Object\NPC</Filter>
    </ClInclude>
    <ClInclude Include="FistAttack_Projectile.h">
      <Filter>Levels\5. Bosses\1. Frog\Object\Boss\Effect</Filter>
    </ClInclude>
    <ClInclude Include="Croak_Firefly.h">
      <Filter>Levels\5. Bosses\1. Frog\Object\Boss\Effect</Filter>
    </ClInclude>
    <ClInclude Include="FistAttack_SFX.h">
      <Filter>Levels\5. Bosses\1. Frog\Object\Boss\Effect</Filter>
    </ClInclude>
    <ClInclude Include="ClapAttack_Projectile.h">
      <Filter>Levels\5. Bosses\1. Frog\Object\Boss\Effect</Filter>
    </ClInclude>
    <ClInclude Include="ClapAttack_FX.h">
      <Filter>Levels\5. Bosses\1. Frog\Object\Boss\Effect</Filter>
    </ClInclude>
    <ClInclude Include="CoinAttack_Projectile.h">
      <Filter>Levels\5. Bosses\1. Frog\Object\Boss\Effect</Filter>
    </ClInclude>
    <ClInclude Include="Slot_FrontDust.h">
      <Filter>Levels\5. Bosses\1. Frog\Object\Boss\Effect</Filter>
    </ClInclude>
    <ClInclude Include="DeathExplosion.h" />
    <ClInclude Include="Platform_Tiger.h">
      <Filter>Levels\5. Bosses\1. Frog\Object\Boss\Effect</Filter>
    </ClInclude>
    <ClInclude Include="Platform_Vipor.h">
      <Filter>Levels\5. Bosses\1. Frog\Object\Boss\Effect</Filter>
    </ClInclude>
    <ClInclude Include="Platform_Bison.h">
      <Filter>Levels\5. Bosses\1. Frog\Object\Boss\Effect</Filter>
    </ClInclude>
    <ClInclude Include="Mouse_ColMap.h">
      <Filter>Levels\5. Bosses\3. Mouse\Object</Filter>
    </ClInclude>
    <ClInclude Include="Mouse_Map.h">
      <Filter>Levels\5. Bosses\3. Mouse\Object</Filter>
    </ClInclude>
    <ClInclude Include="Mouse_FrontObject.h">
      <Filter>Levels\5. Bosses\3. Mouse\Object</Filter>
    </ClInclude>
    <ClInclude Include="Mouse_BackObject.h">
      <Filter>Levels\5. Bosses\3. Mouse\Object</Filter>
    </ClInclude>
    <ClInclude Include="CherryBomb.h">
      <Filter>Levels\5. Bosses\3. Mouse\Object\Boss\Effect</Filter>
    </ClInclude>
    <ClInclude Include="CatapultProjectile.h">
      <Filter>Levels\5. Bosses\3. Mouse\Object\Boss\Effect</Filter>
    </ClInclude>
    <ClInclude Include="CherryBomb_Fire.h">
      <Filter>Levels\5. Bosses\3. Mouse\Object\Boss\Effect</Filter>
    </ClInclude>
    <ClInclude Include="SpringObject.h">
      <Filter>Levels\5. Bosses\3. Mouse\Object\Boss\Effect</Filter>
    </ClInclude>
    <ClInclude Include="Werner_Werman.h">
      <Filter>Levels\5. Bosses\3. Mouse\Object\Boss</Filter>
    </ClInclude>
    <ClInclude Include="CanExplosion_SFX.h">
      <Filter>Levels\5. Bosses\3. Mouse\Object\Boss\Effect</Filter>
    </ClInclude>
    <ClInclude Include="Flamethrower.h">
      <Filter>Levels\5. Bosses\3. Mouse\Object\Boss\Effect</Filter>
    </ClInclude>
    <ClInclude Include="Stick.h">
      <Filter>Levels\5. Bosses\3. Mouse\Object\Boss\Effect</Filter>
    </ClInclude>
    <ClInclude Include="Katzenwagen.h">
      <Filter>Levels\5. Bosses\3. Mouse\Object\Boss</Filter>
    </ClInclude>
    <ClInclude Include="WoodPiece.h">
      <Filter>Levels\5. Bosses\3. Mouse\Object\Boss\Effect</Filter>
    </ClInclude>
    <ClInclude Include="Cat_DeathDust.h">
      <Filter>Levels\5. Bosses\3. Mouse\Object\Boss\Effect</Filter>
    </ClInclude>
    <ClInclude Include="GhostMouse.h">
      <Filter>Levels\5. Bosses\3. Mouse\Object\Boss\Effect</Filter>
    </ClInclude>
    <ClInclude Include="GhostMouse_Projectile.h">
      <Filter>Levels\5. Bosses\3. Mouse\Object\Boss\Effect</Filter>
    </ClInclude>
    <ClInclude Include="SmallBall.h">
      <Filter>Levels\5. Bosses\3. Mouse\Object\Boss\Effect</Filter>
    </ClInclude>
    <ClInclude Include="OldFilm.h">
      <Filter>PostEffect</Filter>
    </ClInclude>
    <ClInclude Include="LoadingLevel.h">
      <Filter>Levels\0. Loading</Filter>
    </ClInclude>
    <ClInclude Include="Loading.h">
      <Filter>Levels\0. Loading\Object</Filter>
    </ClInclude>
  </ItemGroup>
  <ItemGroup>
    <ClCompile Include="CupheadCore.cpp">
      <Filter>ContentsCore</Filter>
    </ClCompile>
    <ClCompile Include="PrecompileHeader.cpp">
      <Filter>ContentsCore</Filter>
    </ClCompile>
    <ClCompile Include="First_OpeningLevel.cpp">
      <Filter>Levels\1. Opening\First</Filter>
    </ClCompile>
    <ClCompile Include="Second_OpeningLevel.cpp">
      <Filter>Levels\1. Opening\Second</Filter>
    </ClCompile>
    <ClCompile Include="WaitingRoomLevel.cpp">
      <Filter>Levels\2. WaitingRoom</Filter>
    </ClCompile>
    <ClCompile Include="TutorialLevel.cpp">
      <Filter>Levels\3. Tutorial</Filter>
    </ClCompile>
    <ClCompile Include="OverworldLevel.cpp">
      <Filter>Levels\4. Overworld</Filter>
    </ClCompile>
    <ClCompile Include="EndingLevel.cpp">
      <Filter>Levels\6. Ending</Filter>
    </ClCompile>
    <ClCompile Include="FrogLevel.cpp">
      <Filter>Levels\5. Bosses\1. Frog</Filter>
    </ClCompile>
    <ClCompile Include="DragonLevel.cpp">
      <Filter>Levels\5. Bosses\2. Dragon</Filter>
    </ClCompile>
    <ClCompile Include="MouseLevel.cpp">
      <Filter>Levels\5. Bosses\3. Mouse</Filter>
    </ClCompile>
    <ClCompile Include="MDHR_Logo.cpp">
      <Filter>Levels\1. Opening\First\Object</Filter>
    </ClCompile>
    <ClCompile Include="Title_Background.cpp">
      <Filter>Levels\1. Opening\First\Object</Filter>
    </ClCompile>
    <ClCompile Include="Screen_FX.cpp">
      <Filter>Levels\1. Opening\First\Object</Filter>
    </ClCompile>
    <ClCompile Include="BookRender.cpp">
      <Filter>Levels\1. Opening\Second\Object</Filter>
    </ClCompile>
    <ClCompile Include="Tutorial_BackLayer.cpp">
      <Filter>Levels\3. Tutorial\Object</Filter>
    </ClCompile>
    <ClCompile Include="Tutorial_Map.cpp">
      <Filter>Levels\3. Tutorial\Object</Filter>
    </ClCompile>
    <ClCompile Include="Tutorial_BackGround.cpp">
      <Filter>Levels\3. Tutorial\Object</Filter>
    </ClCompile>
    <ClCompile Include="Overworld_Map.cpp">
      <Filter>Levels\4. Overworld\Object</Filter>
    </ClCompile>
    <ClCompile Include="TransformGUI.cpp">
      <Filter>IMGUI</Filter>
    </ClCompile>
    <ClCompile Include="PixelCollision.cpp" />
    <ClCompile Include="Tutorial_ColMap.cpp">
      <Filter>Levels\3. Tutorial\Object</Filter>
    </ClCompile>
    <ClCompile Include="Player.cpp">
      <Filter>Levels\7. Player</Filter>
    </ClCompile>
    <ClCompile Include="PlayerDataBase.cpp">
      <Filter>Levels\7. Player</Filter>
    </ClCompile>
    <ClCompile Include="Peashooter.cpp">
      <Filter>Levels\7. Player\PlayerEffect\Attack</Filter>
    </ClCompile>
    <ClCompile Include="Spread.cpp">
      <Filter>Levels\7. Player\PlayerEffect\Attack</Filter>
    </ClCompile>
    <ClCompile Include="Spread_EX.cpp">
      <Filter>Levels\7. Player\PlayerEffect\Attack</Filter>
    </ClCompile>
    <ClCompile Include="Peashooter_EX.cpp">
      <Filter>Levels\7. Player\PlayerEffect\Attack</Filter>
    </ClCompile>
    <ClCompile Include="MoveDust.cpp">
      <Filter>Levels\7. Player\PlayerEffect\SFX</Filter>
    </ClCompile>
    <ClCompile Include="LandDust.cpp">
      <Filter>Levels\7. Player\PlayerEffect\SFX</Filter>
    </ClCompile>
    <ClCompile Include="EXDust.cpp">
      <Filter>Levels\7. Player\PlayerEffect\SFX</Filter>
    </ClCompile>
    <ClCompile Include="ParryEffect.cpp">
      <Filter>Levels\7. Player\PlayerEffect\SFX</Filter>
    </ClCompile>
    <ClCompile Include="Player_Overworld.cpp">
      <Filter>Levels\7. Player</Filter>
    </ClCompile>
    <ClCompile Include="TestPlatform.cpp" />
    <ClCompile Include="DashDust.cpp">
      <Filter>Levels\7. Player\PlayerEffect\SFX</Filter>
    </ClCompile>
    <ClCompile Include="Player_FSM.cpp">
      <Filter>Levels\7. Player</Filter>
    </ClCompile>
    <ClCompile Include="HitSFX.cpp">
      <Filter>Levels\7. Player\PlayerEffect\SFX</Filter>
    </ClCompile>
    <ClCompile Include="Tutorial_Target.cpp">
      <Filter>Levels\3. Tutorial\Object</Filter>
    </ClCompile>
    <ClCompile Include="Overworld_ColMap.cpp">
      <Filter>Levels\4. Overworld\Object</Filter>
    </ClCompile>
    <ClCompile Include="NPCDataBase.cpp">
      <Filter>Levels\4. Overworld\Object\NPC</Filter>
    </ClCompile>
    <ClCompile Include="BuildingDataBase.cpp">
      <Filter>Levels\4. Overworld\Object\Building</Filter>
    </ClCompile>
    <ClCompile Include="AppleTraveller.cpp">
      <Filter>Levels\4. Overworld\Object\NPC</Filter>
    </ClCompile>
    <ClCompile Include="Axeman.cpp">
      <Filter>Levels\4. Overworld\Object\NPC</Filter>
    </ClCompile>
    <ClCompile Include="Canteen.cpp">
      <Filter>Levels\4. Overworld\Object\NPC</Filter>
    </ClCompile>
    <ClCompile Include="Coin.cpp">
      <Filter>Levels\4. Overworld\Object\NPC</Filter>
    </ClCompile>
    <ClCompile Include="Fishgirl.cpp">
      <Filter>Levels\4. Overworld\Object\NPC</Filter>
    </ClCompile>
    <ClCompile Include="CupheadCore_Resources.cpp">
      <Filter>ContentsCore</Filter>
    </ClCompile>
    <ClCompile Include="FadeEffect.cpp">
      <Filter>PostEffect</Filter>
    </ClCompile>
    <ClCompile Include="PortalDoor.cpp">
      <Filter>Levels\3. Tutorial\Object</Filter>
    </ClCompile>
    <ClCompile Include="RoundBlackBox.cpp" />
    <ClCompile Include="TitleMenu.cpp">
      <Filter>Levels\1. Opening\First\Object</Filter>
    </ClCompile>
    <ClCompile Include="WaitingRoom_Map.cpp">
      <Filter>Levels\2. WaitingRoom\Object</Filter>
    </ClCompile>
    <ClCompile Include="WaitingRoom_ColMap.cpp">
      <Filter>Levels\2. WaitingRoom\Object</Filter>
    </ClCompile>
    <ClCompile Include="ElderKettle.cpp">
      <Filter>Levels\2. WaitingRoom\Object\NPC</Filter>
    </ClCompile>
    <ClCompile Include="Frog_ColMap.cpp">
      <Filter>Levels\5. Bosses\1. Frog\Object</Filter>
    </ClCompile>
    <ClCompile Include="Frog_Map.cpp">
      <Filter>Levels\5. Bosses\1. Frog\Object</Filter>
    </ClCompile>
    <ClCompile Include="Ribby.cpp">
      <Filter>Levels\5. Bosses\1. Frog\Object\Boss</Filter>
    </ClCompile>
    <ClCompile Include="CardUI.cpp">
      <Filter>Levels\7. Player\UI</Filter>
    </ClCompile>
    <ClCompile Include="HealthUI.cpp">
      <Filter>Levels\7. Player\UI</Filter>
    </ClCompile>
    <ClCompile Include="GrimMatchstick.cpp">
      <Filter>Levels\5. Bosses\2. Dragon\Object</Filter>
    </ClCompile>
    <ClCompile Include="Knockout.cpp">
      <Filter>Levels\Message</Filter>
    </ClCompile>
    <ClCompile Include="Ready_Wallop.cpp">
      <Filter>Levels\Message</Filter>
    </ClCompile>
    <ClCompile Include="You_Died.cpp">
      <Filter>Levels\Message</Filter>
    </ClCompile>
    <ClCompile Include="OverworldGUI.cpp">
      <Filter>IMGUI</Filter>
    </ClCompile>
    <ClCompile Include="PlayerGhost.cpp">
      <Filter>Levels\7. Player\PlayerEffect\SFX</Filter>
    </ClCompile>
    <ClCompile Include="CardUIRenderer.cpp">
      <Filter>Levels\7. Player\UI</Filter>
    </ClCompile>
    <ClCompile Include="Frog_FrontObject.cpp">
      <Filter>Levels\5. Bosses\1. Frog\Object</Filter>
    </ClCompile>
    <ClCompile Include="Dancer.cpp">
      <Filter>Levels\5. Bosses\1. Frog\Object\NPC</Filter>
    </ClCompile>
    <ClCompile Include="Deliver.cpp">
      <Filter>Levels\5. Bosses\1. Frog\Object\NPC</Filter>
    </ClCompile>
    <ClCompile Include="Cheerer.cpp">
      <Filter>Levels\5. Bosses\1. Frog\Object\NPC</Filter>
    </ClCompile>
    <ClCompile Include="Craber.cpp">
      <Filter>Levels\5. Bosses\1. Frog\Object\NPC</Filter>
    </ClCompile>
    <ClCompile Include="Crowd.cpp">
      <Filter>Levels\5. Bosses\1. Frog\Object\NPC</Filter>
    </ClCompile>
    <ClCompile Include="Croak.cpp">
      <Filter>Levels\5. Bosses\1. Frog\Object\Boss</Filter>
    </ClCompile>
    <ClCompile Include="Ribby_FSM.cpp">
      <Filter>Levels\5. Bosses\1. Frog\Object\Boss</Filter>
    </ClCompile>
    <ClCompile Include="Croak_FSM.cpp">
      <Filter>Levels\5. Bosses\1. Frog\Object\Boss</Filter>
    </ClCompile>
    <ClCompile Include="WeaponUI.cpp">
      <Filter>Levels\7. Player\UI</Filter>
    </ClCompile>
    <ClCompile Include="Stage_Title.cpp">
      <Filter>Levels\4. Overworld\Object\Building</Filter>
    </ClCompile>
    <ClCompile Include="NPC_TextBox.cpp">
      <Filter>Levels\4. Overworld\Object\NPC</Filter>
    </ClCompile>
    <ClCompile Include="FistAttack_Projectile.cpp">
      <Filter>Levels\5. Bosses\1. Frog\Object\Boss\Effect</Filter>
    </ClCompile>
    <ClCompile Include="Croak_Firefly.cpp">
      <Filter>Levels\5. Bosses\1. Frog\Object\Boss\Effect</Filter>
    </ClCompile>
    <ClCompile Include="FistAttack_SFX.cpp">
      <Filter>Levels\5. Bosses\1. Frog\Object\Boss\Effect</Filter>
    </ClCompile>
    <ClCompile Include="ClapAttack_Projectile.cpp">
      <Filter>Levels\5. Bosses\1. Frog\Object\Boss\Effect</Filter>
    </ClCompile>
    <ClCompile Include="ClapAttack_FX.cpp">
      <Filter>Levels\5. Bosses\1. Frog\Object\Boss\Effect</Filter>
    </ClCompile>
    <ClCompile Include="CoinAttack_Projectile.cpp">
      <Filter>Levels\5. Bosses\1. Frog\Object\Boss\Effect</Filter>
    </ClCompile>
    <ClCompile Include="Slot_FrontDust.cpp">
      <Filter>Levels\5. Bosses\1. Frog\Object\Boss\Effect</Filter>
    </ClCompile>
    <ClCompile Include="DeathExplosion.cpp" />
    <ClCompile Include="Platform_Tiger.cpp">
      <Filter>Levels\5. Bosses\1. Frog\Object\Boss\Effect</Filter>
    </ClCompile>
    <ClCompile Include="Platform_Vipor.cpp">
      <Filter>Levels\5. Bosses\1. Frog\Object\Boss\Effect</Filter>
    </ClCompile>
    <ClCompile Include="Platform_Bison.cpp">
      <Filter>Levels\5. Bosses\1. Frog\Object\Boss\Effect</Filter>
    </ClCompile>
    <ClCompile Include="Mouse_ColMap.cpp">
      <Filter>Levels\5. Bosses\3. Mouse\Object</Filter>
    </ClCompile>
    <ClCompile Include="Mouse_Map.cpp">
      <Filter>Levels\5. Bosses\3. Mouse\Object</Filter>
    </ClCompile>
    <ClCompile Include="Mouse_FrontObject.cpp">
      <Filter>Levels\5. Bosses\3. Mouse\Object</Filter>
    </ClCompile>
    <ClCompile Include="Mouse_BackObject.cpp">
      <Filter>Levels\5. Bosses\3. Mouse\Object</Filter>
    </ClCompile>
    <ClCompile Include="Werner_Werman_FSM.cpp">
      <Filter>Levels\5. Bosses\3. Mouse\Object\Boss</Filter>
    </ClCompile>
    <ClCompile Include="Werner_Werman.cpp">
      <Filter>Levels\5. Bosses\3. Mouse\Object\Boss</Filter>
    </ClCompile>
    <ClCompile Include="CherryBomb.cpp">
      <Filter>Levels\5. Bosses\3. Mouse\Object\Boss\Effect</Filter>
    </ClCompile>
    <ClCompile Include="CatapultProjectile.cpp">
      <Filter>Levels\5. Bosses\3. Mouse\Object\Boss\Effect</Filter>
    </ClCompile>
    <ClCompile Include="CherryBomb_Fire.cpp">
      <Filter>Levels\5. Bosses\3. Mouse\Object\Boss\Effect</Filter>
    </ClCompile>
    <ClCompile Include="Catapult_FSM.cpp">
      <Filter>Levels\5. Bosses\3. Mouse\Object\Boss</Filter>
    </ClCompile>
    <ClCompile Include="Cannon_FSM.cpp">
      <Filter>Levels\5. Bosses\3. Mouse\Object\Boss</Filter>
    </ClCompile>
    <ClCompile Include="SpringObject.cpp">
      <Filter>Levels\5. Bosses\3. Mouse\Object\Boss\Effect</Filter>
    </ClCompile>
    <ClCompile Include="CanExplosion_SFX.cpp">
      <Filter>Levels\5. Bosses\3. Mouse\Object\Boss\Effect</Filter>
    </ClCompile>
    <ClCompile Include="Phase2Mouse_FSM.cpp">
      <Filter>Levels\5. Bosses\3. Mouse\Object\Boss</Filter>
    </ClCompile>
    <ClCompile Include="Scissor_FSM.cpp">
      <Filter>Levels\5. Bosses\3. Mouse\Object\Boss</Filter>
    </ClCompile>
    <ClCompile Include="Flamethrower.cpp">
      <Filter>Levels\5. Bosses\3. Mouse\Object\Boss\Effect</Filter>
    </ClCompile>
    <ClCompile Include="Wheel_FSM.cpp">
      <Filter>Levels\5. Bosses\3. Mouse\Object\Boss</Filter>
    </ClCompile>
    <ClCompile Include="Stick.cpp">
      <Filter>Levels\5. Bosses\3. Mouse\Object\Boss\Effect</Filter>
    </ClCompile>
    <ClCompile Include="Katzenwagen.cpp">
      <Filter>Levels\5. Bosses\3. Mouse\Object\Boss</Filter>
    </ClCompile>
    <ClCompile Include="Katzenwagen_FSM.cpp">
      <Filter>Levels\5. Bosses\3. Mouse\Object\Boss</Filter>
    </ClCompile>
    <ClCompile Include="AttackHand_FSMcpp.cpp">
      <Filter>Levels\5. Bosses\3. Mouse\Object\Boss</Filter>
    </ClCompile>
    <ClCompile Include="WoodPiece.cpp">
      <Filter>Levels\5. Bosses\3. Mouse\Object\Boss\Effect</Filter>
    </ClCompile>
    <ClCompile Include="Cat_DeathDust.cpp">
      <Filter>Levels\5. Bosses\3. Mouse\Object\Boss\Effect</Filter>
    </ClCompile>
    <ClCompile Include="GhostMouse.cpp">
      <Filter>Levels\5. Bosses\3. Mouse\Object\Boss\Effect</Filter>
    </ClCompile>
    <ClCompile Include="GhostMouse_Projectile.cpp">
      <Filter>Levels\5. Bosses\3. Mouse\Object\Boss\Effect</Filter>
    </ClCompile>
    <ClCompile Include="SmallBall.cpp">
      <Filter>Levels\5. Bosses\3. Mouse\Object\Boss\Effect</Filter>
    </ClCompile>
    <ClCompile Include="OldFilm.cpp">
      <Filter>PostEffect</Filter>
    </ClCompile>
    <ClCompile Include="LoadingLevel.cpp">
      <Filter>Levels\0. Loading</Filter>
    </ClCompile>
    <ClCompile Include="Loading.cpp">
      <Filter>Levels\0. Loading\Object</Filter>
    </ClCompile>
  </ItemGroup>
</Project>