
Microsoft Visual Studio Solution File, Format Version 12.00
# Visual Studio Version 17
VisualStudioVersion = 17.4.33205.214
MinimumVisualStudioVersion = 10.0.40219.1
Project("{8BC9CEB8-8B4A-11D0-8D11-00A0C91BC942}") = "GameEngineBase", "GameEngineBase\GameEngineBase.vcxproj", "{A6E9BFEE-96EC-4FC9-9219-12202F5126CC}"
EndProject
Project("{8BC9CEB8-8B4A-11D0-8D11-00A0C91BC942}") = "GameEnginePlatform", "GameEnginePlatform\GameEnginePlatform.vcxproj", "{012509BD-0610-46F2-BCEF-076C0828D24F}"
	ProjectSection(ProjectDependencies) = postProject
		{A6E9BFEE-96EC-4FC9-9219-12202F5126CC} = {A6E9BFEE-96EC-4FC9-9219-12202F5126CC}
	EndProjectSection
EndProject
Project("{2150E333-8FDC-42A3-9474-1A3956D46DE8}") = "3. Application", "3. Application", "{52B69C5D-EFDB-4EC2-840C-B362ECB2128B}"
EndProject
Project("{8BC9CEB8-8B4A-11D0-8D11-00A0C91BC942}") = "DirectX_App", "DirectX_App\DirectX_App.vcxproj", "{75F6A704-2D38-4888-9CE2-D7E780679ADF}"
	ProjectSection(ProjectDependencies) = postProject
		{012509BD-0610-46F2-BCEF-076C0828D24F} = {012509BD-0610-46F2-BCEF-076C0828D24F}
		{234D53D3-FCA5-4044-ABF1-1FAF05E641C8} = {234D53D3-FCA5-4044-ABF1-1FAF05E641C8}
		{A6E9BFEE-96EC-4FC9-9219-12202F5126CC} = {A6E9BFEE-96EC-4FC9-9219-12202F5126CC}
		{AF63769E-71C7-4B4D-B9DB-06CC7D262E69} = {AF63769E-71C7-4B4D-B9DB-06CC7D262E69}
	EndProjectSection
EndProject
Project("{2150E333-8FDC-42A3-9474-1A3956D46DE8}") = "2.Contents", "2.Contents", "{628D1620-A2A6-45BD-AE94-4E74886945B9}"
EndProject
Project("{2150E333-8FDC-42A3-9474-1A3956D46DE8}") = "1. Engine", "1. Engine", "{3BF51892-4C85-400C-8928-A1D597CE7675}"
EndProject
Project("{2150E333-8FDC-42A3-9474-1A3956D46DE8}") = "Level0", "Level0", "{5295589A-373B-45E5-9A6E-03B467CEB565}"
EndProject
Project("{2150E333-8FDC-42A3-9474-1A3956D46DE8}") = "Level1", "Level1", "{7DC4EF44-0D32-4835-85AF-502C34F9C7AB}"
EndProject
Project("{8BC9CEB8-8B4A-11D0-8D11-00A0C91BC942}") = "GameEngineCore", "GameEngineCore\GameEngineCore.vcxproj", "{AF63769E-71C7-4B4D-B9DB-06CC7D262E69}"
	ProjectSection(ProjectDependencies) = postProject
		{012509BD-0610-46F2-BCEF-076C0828D24F} = {012509BD-0610-46F2-BCEF-076C0828D24F}
		{A6E9BFEE-96EC-4FC9-9219-12202F5126CC} = {A6E9BFEE-96EC-4FC9-9219-12202F5126CC}
	EndProjectSection
EndProject
Project("{8BC9CEB8-8B4A-11D0-8D11-00A0C91BC942}") = "GameEngineContents", "GameEngineContents\GameEngineContents.vcxproj", "{234D53D3-FCA5-4044-ABF1-1FAF05E641C8}"
	ProjectSection(ProjectDependencies) = postProject
		{012509BD-0610-46F2-BCEF-076C0828D24F} = {012509BD-0610-46F2-BCEF-076C0828D24F}
		{A6E9BFEE-96EC-4FC9-9219-12202F5126CC} = {A6E9BFEE-96EC-4FC9-9219-12202F5126CC}
		{AF63769E-71C7-4B4D-B9DB-06CC7D262E69} = {AF63769E-71C7-4B4D-B9DB-06CC7D262E69}
	EndProjectSection
EndProject
Project("{2150E333-8FDC-42A3-9474-1A3956D46DE8}") = "0. DOC", "0. DOC", "{7E1B77B6-48E3-4822-B2D0-AF89770DF7CE}"
	ProjectSection(SolutionItems) = preProject
		3D 함수.txt = 3D 함수.txt
		GameEngineObject.txt = GameEngineObject.txt
		GameEngineSerializer.txt = GameEngineSerializer.txt
		GameEngineRenderingPipeLine.txt = GameEngineRenderingPipeLine.txt
		Modal.txt = Modal.txt
		New연산이 느린 이유.txt = New연산이 느린 이유.txt
		수학.txt = 수학.txt
		출력 디렉토리 설정.txt = 출력 디렉토리 설정.txt
		쿼터니온.txt = 쿼터니온.txt
		클래스의 결합도와 응집도.txt = 클래스의 결합도와 응집도.txt
	EndProjectSection
EndProject
Project("{8BC9CEB8-8B4A-11D0-8D11-00A0C91BC942}") = "Shader", "Shader\Shader.vcxproj", "{E008D2B4-24D2-4C19-9323-143E30C98048}"
EndProject
Project("{2150E333-8FDC-42A3-9474-1A3956D46DE8}") = "Shader", "Shader", "{E33348D8-5FD5-40B8-AEBC-CF4D1F75132F}"
EndProject
Global
	GlobalSection(SolutionConfigurationPlatforms) = preSolution
		Debug|x64 = Debug|x64
		Debug|x86 = Debug|x86
		Release|x64 = Release|x64
		Release|x86 = Release|x86
	EndGlobalSection
	GlobalSection(ProjectConfigurationPlatforms) = postSolution
		{A6E9BFEE-96EC-4FC9-9219-12202F5126CC}.Debug|x64.ActiveCfg = Debug|x64
		{A6E9BFEE-96EC-4FC9-9219-12202F5126CC}.Debug|x64.Build.0 = Debug|x64
		{A6E9BFEE-96EC-4FC9-9219-12202F5126CC}.Debug|x86.ActiveCfg = Debug|Win32
		{A6E9BFEE-96EC-4FC9-9219-12202F5126CC}.Debug|x86.Build.0 = Debug|Win32
		{A6E9BFEE-96EC-4FC9-9219-12202F5126CC}.Release|x64.ActiveCfg = Release|x64
		{A6E9BFEE-96EC-4FC9-9219-12202F5126CC}.Release|x64.Build.0 = Release|x64
		{A6E9BFEE-96EC-4FC9-9219-12202F5126CC}.Release|x86.ActiveCfg = Release|Win32
		{A6E9BFEE-96EC-4FC9-9219-12202F5126CC}.Release|x86.Build.0 = Release|Win32
		{012509BD-0610-46F2-BCEF-076C0828D24F}.Debug|x64.ActiveCfg = Debug|x64
		{012509BD-0610-46F2-BCEF-076C0828D24F}.Debug|x64.Build.0 = Debug|x64
		{012509BD-0610-46F2-BCEF-076C0828D24F}.Debug|x86.ActiveCfg = Debug|Win32
		{012509BD-0610-46F2-BCEF-076C0828D24F}.Debug|x86.Build.0 = Debug|Win32
		{012509BD-0610-46F2-BCEF-076C0828D24F}.Release|x64.ActiveCfg = Release|x64
		{012509BD-0610-46F2-BCEF-076C0828D24F}.Release|x64.Build.0 = Release|x64
		{012509BD-0610-46F2-BCEF-076C0828D24F}.Release|x86.ActiveCfg = Release|Win32
		{012509BD-0610-46F2-BCEF-076C0828D24F}.Release|x86.Build.0 = Release|Win32
		{75F6A704-2D38-4888-9CE2-D7E780679ADF}.Debug|x64.ActiveCfg = Debug|x64
		{75F6A704-2D38-4888-9CE2-D7E780679ADF}.Debug|x64.Build.0 = Debug|x64
		{75F6A704-2D38-4888-9CE2-D7E780679ADF}.Debug|x86.ActiveCfg = Debug|Win32
		{75F6A704-2D38-4888-9CE2-D7E780679ADF}.Debug|x86.Build.0 = Debug|Win32
		{75F6A704-2D38-4888-9CE2-D7E780679ADF}.Release|x64.ActiveCfg = Release|x64
		{75F6A704-2D38-4888-9CE2-D7E780679ADF}.Release|x64.Build.0 = Release|x64
		{75F6A704-2D38-4888-9CE2-D7E780679ADF}.Release|x86.ActiveCfg = Release|Win32
		{75F6A704-2D38-4888-9CE2-D7E780679ADF}.Release|x86.Build.0 = Release|Win32
		{AF63769E-71C7-4B4D-B9DB-06CC7D262E69}.Debug|x64.ActiveCfg = Debug|x64
		{AF63769E-71C7-4B4D-B9DB-06CC7D262E69}.Debug|x64.Build.0 = Debug|x64
		{AF63769E-71C7-4B4D-B9DB-06CC7D262E69}.Debug|x86.ActiveCfg = Debug|Win32
		{AF63769E-71C7-4B4D-B9DB-06CC7D262E69}.Debug|x86.Build.0 = Debug|Win32
		{AF63769E-71C7-4B4D-B9DB-06CC7D262E69}.Release|x64.ActiveCfg = Release|x64
		{AF63769E-71C7-4B4D-B9DB-06CC7D262E69}.Release|x64.Build.0 = Release|x64
		{AF63769E-71C7-4B4D-B9DB-06CC7D262E69}.Release|x86.ActiveCfg = Release|Win32
		{AF63769E-71C7-4B4D-B9DB-06CC7D262E69}.Release|x86.Build.0 = Release|Win32
		{234D53D3-FCA5-4044-ABF1-1FAF05E641C8}.Debug|x64.ActiveCfg = Debug|x64
		{234D53D3-FCA5-4044-ABF1-1FAF05E641C8}.Debug|x64.Build.0 = Debug|x64
		{234D53D3-FCA5-4044-ABF1-1FAF05E641C8}.Debug|x86.ActiveCfg = Debug|Win32
		{234D53D3-FCA5-4044-ABF1-1FAF05E641C8}.Debug|x86.Build.0 = Debug|Win32
		{234D53D3-FCA5-4044-ABF1-1FAF05E641C8}.Release|x64.ActiveCfg = Release|x64
		{234D53D3-FCA5-4044-ABF1-1FAF05E641C8}.Release|x64.Build.0 = Release|x64
		{234D53D3-FCA5-4044-ABF1-1FAF05E641C8}.Release|x86.ActiveCfg = Release|Win32
		{234D53D3-FCA5-4044-ABF1-1FAF05E641C8}.Release|x86.Build.0 = Release|Win32
		{E008D2B4-24D2-4C19-9323-143E30C98048}.Debug|x64.ActiveCfg = Debug|x64
		{E008D2B4-24D2-4C19-9323-143E30C98048}.Debug|x64.Build.0 = Debug|x64
		{E008D2B4-24D2-4C19-9323-143E30C98048}.Debug|x86.ActiveCfg = Debug|Win32
		{E008D2B4-24D2-4C19-9323-143E30C98048}.Debug|x86.Build.0 = Debug|Win32
		{E008D2B4-24D2-4C19-9323-143E30C98048}.Release|x64.ActiveCfg = Release|x64
		{E008D2B4-24D2-4C19-9323-143E30C98048}.Release|x64.Build.0 = Release|x64
		{E008D2B4-24D2-4C19-9323-143E30C98048}.Release|x86.ActiveCfg = Release|Win32
		{E008D2B4-24D2-4C19-9323-143E30C98048}.Release|x86.Build.0 = Release|Win32
	EndGlobalSection
	GlobalSection(SolutionProperties) = preSolution
		HideSolutionNode = FALSE
	EndGlobalSection
	GlobalSection(NestedProjects) = preSolution
		{A6E9BFEE-96EC-4FC9-9219-12202F5126CC} = {5295589A-373B-45E5-9A6E-03B467CEB565}
		{012509BD-0610-46F2-BCEF-076C0828D24F} = {5295589A-373B-45E5-9A6E-03B467CEB565}
		{75F6A704-2D38-4888-9CE2-D7E780679ADF} = {52B69C5D-EFDB-4EC2-840C-B362ECB2128B}
		{5295589A-373B-45E5-9A6E-03B467CEB565} = {3BF51892-4C85-400C-8928-A1D597CE7675}
		{7DC4EF44-0D32-4835-85AF-502C34F9C7AB} = {3BF51892-4C85-400C-8928-A1D597CE7675}
		{AF63769E-71C7-4B4D-B9DB-06CC7D262E69} = {7DC4EF44-0D32-4835-85AF-502C34F9C7AB}
		{234D53D3-FCA5-4044-ABF1-1FAF05E641C8} = {628D1620-A2A6-45BD-AE94-4E74886945B9}
		{E008D2B4-24D2-4C19-9323-143E30C98048} = {E33348D8-5FD5-40B8-AEBC-CF4D1F75132F}
		{E33348D8-5FD5-40B8-AEBC-CF4D1F75132F} = {3BF51892-4C85-400C-8928-A1D597CE7675}
	EndGlobalSection
	GlobalSection(ExtensibilityGlobals) = postSolution
		SolutionGuid = {EF449C8D-3447-477B-BBA8-59F5672E3D86}
	EndGlobalSection
EndGlobal
